
Microsoft Visual Studio Solution File, Format Version 12.00
# Visual Studio 14
VisualStudioVersion = 14.0.25420.1
MinimumVisualStudioVersion = 10.0.40219.1
Project("{FAE04EC0-301F-11D3-BF4B-00C04F79EFBC}") = "BlackJack", "Training_BlackJack\BlackJack.csproj", "{E3E07C4B-CFCE-4A15-99CD-ABB92753F36E}"
EndProject
Project("{FAE04EC0-301F-11D3-BF4B-00C04F79EFBC}") = "Training_BlackJack_UnitTests", "Training_BlackJack_UnitTests\Training_BlackJack_UnitTests.csproj", "{834273F5-420A-4AC0-95D2-9600D12BAD65}"
EndProject
Global
	GlobalSection(SolutionConfigurationPlatforms) = preSolution
		Debug|Any CPU = Debug|Any CPU
		Release|Any CPU = Release|Any CPU
	EndGlobalSection
	GlobalSection(ProjectConfigurationPlatforms) = postSolution
		{E3E07C4B-CFCE-4A15-99CD-ABB92753F36E}.Debug|Any CPU.ActiveCfg = Debug|Any CPU
		{E3E07C4B-CFCE-4A15-99CD-ABB92753F36E}.Debug|Any CPU.Build.0 = Debug|Any CPU
		{E3E07C4B-CFCE-4A15-99CD-ABB92753F36E}.Release|Any CPU.ActiveCfg = Release|Any CPU
		{E3E07C4B-CFCE-4A15-99CD-ABB92753F36E}.Release|Any CPU.Build.0 = Release|Any CPU
		{834273F5-420A-4AC0-95D2-9600D12BAD65}.Debug|Any CPU.ActiveCfg = Debug|Any CPU
		{834273F5-420A-4AC0-95D2-9600D12BAD65}.Debug|Any CPU.Build.0 = Debug|Any CPU
		{834273F5-420A-4AC0-95D2-9600D12BAD65}.Release|Any CPU.ActiveCfg = Release|Any CPU
		{834273F5-420A-4AC0-95D2-9600D12BAD65}.Release|Any CPU.Build.0 = Release|Any CPU
	EndGlobalSection
	GlobalSection(SolutionProperties) = preSolution
		HideSolutionNode = FALSE
	EndGlobalSection
EndGlobal
